// !$*UTF8*$!
{
	archiveVersion = 1;
	classes = {
	};
	objectVersion = 50;
	objects = {

/* Begin PBXBuildFile section */
		696AC1AA247CF4B1000FD9F1 /* AppDelegate.m in Sources */ = {isa = PBXBuildFile; fileRef = 696AC1A9247CF4B1000FD9F1 /* AppDelegate.m */; };
		696AC1AD247CF4B1000FD9F1 /* SceneDelegate.m in Sources */ = {isa = PBXBuildFile; fileRef = 696AC1AC247CF4B1000FD9F1 /* SceneDelegate.m */; };
		696AC1B0247CF4B1000FD9F1 /* ViewController.m in Sources */ = {isa = PBXBuildFile; fileRef = 696AC1AF247CF4B1000FD9F1 /* ViewController.m */; };
		696AC1B3247CF4B1000FD9F1 /* Main.storyboard in Resources */ = {isa = PBXBuildFile; fileRef = 696AC1B1247CF4B1000FD9F1 /* Main.storyboard */; };
		696AC1B5247CF4B3000FD9F1 /* Assets.xcassets in Resources */ = {isa = PBXBuildFile; fileRef = 696AC1B4247CF4B3000FD9F1 /* Assets.xcassets */; };
		696AC1B8247CF4B3000FD9F1 /* LaunchScreen.storyboard in Resources */ = {isa = PBXBuildFile; fileRef = 696AC1B6247CF4B3000FD9F1 /* LaunchScreen.storyboard */; };
		696AC1BB247CF4B3000FD9F1 /* main.m in Sources */ = {isa = PBXBuildFile; fileRef = 696AC1BA247CF4B3000FD9F1 /* main.m */; };
		696AC1C5247CF4B3000FD9F1 /* MyApplicationTests.m in Sources */ = {isa = PBXBuildFile; fileRef = 696AC1C4247CF4B3000FD9F1 /* MyApplicationTests.m */; };
		696AC1D0247CF4B3000FD9F1 /* MyApplicationUITests.m in Sources */ = {isa = PBXBuildFile; fileRef = 696AC1CF247CF4B3000FD9F1 /* MyApplicationUITests.m */; };
/* End PBXBuildFile section */

/* Begin PBXContainerItemProxy section */
		696AC1C1247CF4B3000FD9F1 /* PBXContainerItemProxy */ = {
			isa = PBXContainerItemProxy;
			containerPortal = 696AC19D247CF4B1000FD9F1 /* Project object */;
			proxyType = 1;
			remoteGlobalIDString = 696AC1A4247CF4B1000FD9F1;
			remoteInfo = MyApplication;
		};
		696AC1CC247CF4B3000FD9F1 /* PBXContainerItemProxy */ = {
			isa = PBXContainerItemProxy;
			containerPortal = 696AC19D247CF4B1000FD9F1 /* Project object */;
			proxyType = 1;
			remoteGlobalIDString = 696AC1A4247CF4B1000FD9F1;
			remoteInfo = MyApplication;
		};
/* End PBXContainerItemProxy section */

/* Begin PBXFileReference section */
		696AC1A5247CF4B1000FD9F1 /* MyApplication.app */ = {isa = PBXFileReference; explicitFileType = wrapper.application; includeInIndex = 0; path = MyApplication.app; sourceTree = BUILT_PRODUCTS_DIR; };
		696AC1A8247CF4B1000FD9F1 /* AppDelegate.h */ = {isa = PBXFileReference; lastKnownFileType = sourcecode.c.h; path = AppDelegate.h; sourceTree = "<group>"; };
		696AC1A9247CF4B1000FD9F1 /* AppDelegate.m */ = {isa = PBXFileReference; lastKnownFileType = sourcecode.c.objc; path = AppDelegate.m; sourceTree = "<group>"; };
		696AC1AB247CF4B1000FD9F1 /* SceneDelegate.h */ = {isa = PBXFileReference; lastKnownFileType = sourcecode.c.h; path = SceneDelegate.h; sourceTree = "<group>"; };
		696AC1AC247CF4B1000FD9F1 /* SceneDelegate.m */ = {isa = PBXFileReference; lastKnownFileType = sourcecode.c.objc; path = SceneDelegate.m; sourceTree = "<group>"; };
		696AC1AE247CF4B1000FD9F1 /* ViewController.h */ = {isa = PBXFileReference; lastKnownFileType = sourcecode.c.h; path = ViewController.h; sourceTree = "<group>"; };
		696AC1AF247CF4B1000FD9F1 /* ViewController.m */ = {isa = PBXFileReference; lastKnownFileType = sourcecode.c.objc; path = ViewController.m; sourceTree = "<group>"; };
		696AC1B2247CF4B1000FD9F1 /* Base */ = {isa = PBXFileReference; lastKnownFileType = file.storyboard; name = Base; path = Base.lproj/Main.storyboard; sourceTree = "<group>"; };
		696AC1B4247CF4B3000FD9F1 /* Assets.xcassets */ = {isa = PBXFileReference; lastKnownFileType = folder.assetcatalog; path = Assets.xcassets; sourceTree = "<group>"; };
		696AC1B7247CF4B3000FD9F1 /* Base */ = {isa = PBXFileReference; lastKnownFileType = file.storyboard; name = Base; path = Base.lproj/LaunchScreen.storyboard; sourceTree = "<group>"; };
		696AC1B9247CF4B3000FD9F1 /* Info.plist */ = {isa = PBXFileReference; lastKnownFileType = text.plist.xml; path = Info.plist; sourceTree = "<group>"; };
		696AC1BA247CF4B3000FD9F1 /* main.m */ = {isa = PBXFileReference; lastKnownFileType = sourcecode.c.objc; path = main.m; sourceTree = "<group>"; };
		696AC1C0247CF4B3000FD9F1 /* MyApplicationTests.xctest */ = {isa = PBXFileReference; explicitFileType = wrapper.cfbundle; includeInIndex = 0; path = MyApplicationTests.xctest; sourceTree = BUILT_PRODUCTS_DIR; };
		696AC1C4247CF4B3000FD9F1 /* MyApplicationTests.m */ = {isa = PBXFileReference; lastKnownFileType = sourcecode.c.objc; path = MyApplicationTests.m; sourceTree = "<group>"; };
		696AC1C6247CF4B3000FD9F1 /* Info.plist */ = {isa = PBXFileReference; lastKnownFileType = text.plist.xml; path = Info.plist; sourceTree = "<group>"; };
		696AC1CB247CF4B3000FD9F1 /* MyApplicationUITests.xctest */ = {isa = PBXFileReference; explicitFileType = wrapper.cfbundle; includeInIndex = 0; path = MyApplicationUITests.xctest; sourceTree = BUILT_PRODUCTS_DIR; };
		696AC1CF247CF4B3000FD9F1 /* MyApplicationUITests.m */ = {isa = PBXFileReference; lastKnownFileType = sourcecode.c.objc; path = MyApplicationUITests.m; sourceTree = "<group>"; };
		696AC1D1247CF4B3000FD9F1 /* Info.plist */ = {isa = PBXFileReference; lastKnownFileType = text.plist.xml; path = Info.plist; sourceTree = "<group>"; };
/* End PBXFileReference section */

/* Begin PBXFrameworksBuildPhase section */
		696AC1A2247CF4B1000FD9F1 /* Frameworks */ = {
			isa = PBXFrameworksBuildPhase;
			buildActionMask = 2147483647;
			files = (
			);
			runOnlyForDeploymentPostprocessing = 0;
		};
		696AC1BD247CF4B3000FD9F1 /* Frameworks */ = {
			isa = PBXFrameworksBuildPhase;
			buildActionMask = 2147483647;
			files = (
			);
			runOnlyForDeploymentPostprocessing = 0;
		};
		696AC1C8247CF4B3000FD9F1 /* Frameworks */ = {
			isa = PBXFrameworksBuildPhase;
			buildActionMask = 2147483647;
			files = (
			);
			runOnlyForDeploymentPostprocessing = 0;
		};
/* End PBXFrameworksBuildPhase section */

/* Begin PBXGroup section */
		696AC19C247CF4B1000FD9F1 = {
			isa = PBXGroup;
			children = (
				696AC1A7247CF4B1000FD9F1 /* MyApplication */,
				696AC1C3247CF4B3000FD9F1 /* MyApplicationTests */,
				696AC1CE247CF4B3000FD9F1 /* MyApplicationUITests */,
				696AC1A6247CF4B1000FD9F1 /* Products */,
			);
			sourceTree = "<group>";
		};
		696AC1A6247CF4B1000FD9F1 /* Products */ = {
			isa = PBXGroup;
			children = (
				696AC1A5247CF4B1000FD9F1 /* MyApplication.app */,
				696AC1C0247CF4B3000FD9F1 /* MyApplicationTests.xctest */,
				696AC1CB247CF4B3000FD9F1 /* MyApplicationUITests.xctest */,
			);
			name = Products;
			sourceTree = "<group>";
		};
		696AC1A7247CF4B1000FD9F1 /* MyApplication */ = {
			isa = PBXGroup;
			children = (
				696AC1A8247CF4B1000FD9F1 /* AppDelegate.h */,
				696AC1A9247CF4B1000FD9F1 /* AppDelegate.m */,
				696AC1AB247CF4B1000FD9F1 /* SceneDelegate.h */,
				696AC1AC247CF4B1000FD9F1 /* SceneDelegate.m */,
				696AC1AE247CF4B1000FD9F1 /* ViewController.h */,
				696AC1AF247CF4B1000FD9F1 /* ViewController.m */,
				696AC1B1247CF4B1000FD9F1 /* Main.storyboard */,
				696AC1B4247CF4B3000FD9F1 /* Assets.xcassets */,
				696AC1B6247CF4B3000FD9F1 /* LaunchScreen.storyboard */,
				696AC1B9247CF4B3000FD9F1 /* Info.plist */,
				696AC1BA247CF4B3000FD9F1 /* main.m */,
			);
			path = MyApplication;
			sourceTree = "<group>";
		};
		696AC1C3247CF4B3000FD9F1 /* MyApplicationTests */ = {
			isa = PBXGroup;
			children = (
				696AC1C4247CF4B3000FD9F1 /* MyApplicationTests.m */,
				696AC1C6247CF4B3000FD9F1 /* Info.plist */,
			);
			path = MyApplicationTests;
			sourceTree = "<group>";
		};
		696AC1CE247CF4B3000FD9F1 /* MyApplicationUITests */ = {
			isa = PBXGroup;
			children = (
				696AC1CF247CF4B3000FD9F1 /* MyApplicationUITests.m */,
				696AC1D1247CF4B3000FD9F1 /* Info.plist */,
			);
			path = MyApplicationUITests;
			sourceTree = "<group>";
		};
/* End PBXGroup section */

/* Begin PBXNativeTarget section */
		696AC1A4247CF4B1000FD9F1 /* MyApplication */ = {
			isa = PBXNativeTarget;
			buildConfigurationList = 696AC1D4247CF4B3000FD9F1 /* Build configuration list for PBXNativeTarget "MyApplication" */;
			buildPhases = (
				696AC1A1247CF4B1000FD9F1 /* Sources */,
				696AC1A2247CF4B1000FD9F1 /* Frameworks */,
				696AC1A3247CF4B1000FD9F1 /* Resources */,
			);
			buildRules = (
			);
			dependencies = (
			);
			name = MyApplication;
			productName = MyApplication;
			productReference = 696AC1A5247CF4B1000FD9F1 /* MyApplication.app */;
			productType = "com.apple.product-type.application";
		};
		696AC1BF247CF4B3000FD9F1 /* MyApplicationTests */ = {
			isa = PBXNativeTarget;
			buildConfigurationList = 696AC1D7247CF4B3000FD9F1 /* Build configuration list for PBXNativeTarget "MyApplicationTests" */;
			buildPhases = (
				696AC1BC247CF4B3000FD9F1 /* Sources */,
				696AC1BD247CF4B3000FD9F1 /* Frameworks */,
				696AC1BE247CF4B3000FD9F1 /* Resources */,
			);
			buildRules = (
			);
			dependencies = (
				696AC1C2247CF4B3000FD9F1 /* PBXTargetDependency */,
			);
			name = MyApplicationTests;
			productName = MyApplicationTests;
			productReference = 696AC1C0247CF4B3000FD9F1 /* MyApplicationTests.xctest */;
			productType = "com.apple.product-type.bundle.unit-test";
		};
		696AC1CA247CF4B3000FD9F1 /* MyApplicationUITests */ = {
			isa = PBXNativeTarget;
			buildConfigurationList = 696AC1DA247CF4B3000FD9F1 /* Build configuration list for PBXNativeTarget "MyApplicationUITests" */;
			buildPhases = (
				696AC1C7247CF4B3000FD9F1 /* Sources */,
				696AC1C8247CF4B3000FD9F1 /* Frameworks */,
				696AC1C9247CF4B3000FD9F1 /* Resources */,
			);
			buildRules = (
			);
			dependencies = (
				696AC1CD247CF4B3000FD9F1 /* PBXTargetDependency */,
			);
			name = MyApplicationUITests;
			productName = MyApplicationUITests;
			productReference = 696AC1CB247CF4B3000FD9F1 /* MyApplicationUITests.xctest */;
			productType = "com.apple.product-type.bundle.ui-testing";
		};
/* End PBXNativeTarget section */

/* Begin PBXProject section */
		696AC19D247CF4B1000FD9F1 /* Project object */ = {
			isa = PBXProject;
			attributes = {
				LastUpgradeCheck = 1150;
				ORGANIZATIONNAME = "jia chi";
				TargetAttributes = {
					696AC1A4247CF4B1000FD9F1 = {
						CreatedOnToolsVersion = 11.5;
					};
					696AC1BF247CF4B3000FD9F1 = {
						CreatedOnToolsVersion = 11.5;
						TestTargetID = 696AC1A4247CF4B1000FD9F1;
					};
					696AC1CA247CF4B3000FD9F1 = {
						CreatedOnToolsVersion = 11.5;
						TestTargetID = 696AC1A4247CF4B1000FD9F1;
					};
				};
			};
			buildConfigurationList = 696AC1A0247CF4B1000FD9F1 /* Build configuration list for PBXProject "MyApplication" */;
			compatibilityVersion = "Xcode 9.3";
			developmentRegion = en;
			hasScannedForEncodings = 0;
			knownRegions = (
				en,
				Base,
			);
			mainGroup = 696AC19C247CF4B1000FD9F1;
			productRefGroup = 696AC1A6247CF4B1000FD9F1 /* Products */;
			projectDirPath = "";
			projectRoot = "";
			targets = (
				696AC1A4247CF4B1000FD9F1 /* MyApplication */,
				696AC1BF247CF4B3000FD9F1 /* MyApplicationTests */,
				696AC1CA247CF4B3000FD9F1 /* MyApplicationUITests */,
			);
		};
/* End PBXProject section */

/* Begin PBXResourcesBuildPhase section */
		696AC1A3247CF4B1000FD9F1 /* Resources */ = {
			isa = PBXResourcesBuildPhase;
			buildActionMask = 2147483647;
			files = (
				696AC1B8247CF4B3000FD9F1 /* LaunchScreen.storyboard in Resources */,
				696AC1B5247CF4B3000FD9F1 /* Assets.xcassets in Resources */,
				696AC1B3247CF4B1000FD9F1 /* Main.storyboard in Resources */,
			);
			runOnlyForDeploymentPostprocessing = 0;
		};
		696AC1BE247CF4B3000FD9F1 /* Resources */ = {
			isa = PBXResourcesBuildPhase;
			buildActionMask = 2147483647;
			files = (
			);
			runOnlyForDeploymentPostprocessing = 0;
		};
		696AC1C9247CF4B3000FD9F1 /* Resources */ = {
			isa = PBXResourcesBuildPhase;
			buildActionMask = 2147483647;
			files = (
			);
			runOnlyForDeploymentPostprocessing = 0;
		};
/* End PBXResourcesBuildPhase section */

/* Begin PBXSourcesBuildPhase section */
		696AC1A1247CF4B1000FD9F1 /* Sources */ = {
			isa = PBXSourcesBuildPhase;
			buildActionMask = 2147483647;
			files = (
				696AC1B0247CF4B1000FD9F1 /* ViewController.m in Sources */,
				696AC1AA247CF4B1000FD9F1 /* AppDelegate.m in Sources */,
				696AC1BB247CF4B3000FD9F1 /* main.m in Sources */,
				696AC1AD247CF4B1000FD9F1 /* SceneDelegate.m in Sources */,
			);
			runOnlyForDeploymentPostprocessing = 0;
		};
		696AC1BC247CF4B3000FD9F1 /* Sources */ = {
			isa = PBXSourcesBuildPhase;
			buildActionMask = 2147483647;
			files = (
				696AC1C5247CF4B3000FD9F1 /* MyApplicationTests.m in Sources */,
			);
			runOnlyForDeploymentPostprocessing = 0;
		};
		696AC1C7247CF4B3000FD9F1 /* Sources */ = {
			isa = PBXSourcesBuildPhase;
			buildActionMask = 2147483647;
			files = (
				696AC1D0247CF4B3000FD9F1 /* MyApplicationUITests.m in Sources */,
			);
			runOnlyForDeploymentPostprocessing = 0;
		};
/* End PBXSourcesBuildPhase section */

/* Begin PBXTargetDependency section */
		696AC1C2247CF4B3000FD9F1 /* PBXTargetDependency */ = {
			isa = PBXTargetDependency;
			target = 696AC1A4247CF4B1000FD9F1 /* MyApplication */;
			targetProxy = 696AC1C1247CF4B3000FD9F1 /* PBXContainerItemProxy */;
		};
		696AC1CD247CF4B3000FD9F1 /* PBXTargetDependency */ = {
			isa = PBXTargetDependency;
			target = 696AC1A4247CF4B1000FD9F1 /* MyApplication */;
			targetProxy = 696AC1CC247CF4B3000FD9F1 /* PBXContainerItemProxy */;
		};
/* End PBXTargetDependency section */

/* Begin PBXVariantGroup section */
		696AC1B1247CF4B1000FD9F1 /* Main.storyboard */ = {
			isa = PBXVariantGroup;
			children = (
				696AC1B2247CF4B1000FD9F1 /* Base */,
			);
			name = Main.storyboard;
			sourceTree = "<group>";
		};
		696AC1B6247CF4B3000FD9F1 /* LaunchScreen.storyboard */ = {
			isa = PBXVariantGroup;
			children = (
				696AC1B7247CF4B3000FD9F1 /* Base */,
			);
			name = LaunchScreen.storyboard;
			sourceTree = "<group>";
		};
/* End PBXVariantGroup section */

/* Begin XCBuildConfiguration section */
		696AC1D2247CF4B3000FD9F1 /* Debug */ = {
			isa = XCBuildConfiguration;
			buildSettings = {
				ALWAYS_SEARCH_USER_PATHS = NO;
				CLANG_ANALYZER_NONNULL = YES;
				CLANG_ANALYZER_NUMBER_OBJECT_CONVERSION = YES_AGGRESSIVE;
				CLANG_CXX_LANGUAGE_STANDARD = "gnu++14";
				CLANG_CXX_LIBRARY = "libc++";
				CLANG_ENABLE_MODULES = YES;
				CLANG_ENABLE_OBJC_ARC = YES;
				CLANG_ENABLE_OBJC_WEAK = YES;
				CLANG_WARN_BLOCK_CAPTURE_AUTORELEASING = YES;
				CLANG_WARN_BOOL_CONVERSION = YES;
				CLANG_WARN_COMMA = YES;
				CLANG_WARN_CONSTANT_CONVERSION = YES;
				CLANG_WARN_DEPRECATED_OBJC_IMPLEMENTATIONS = YES;
				CLANG_WARN_DIRECT_OBJC_ISA_USAGE = YES_ERROR;
				CLANG_WARN_DOCUMENTATION_COMMENTS = YES;
				CLANG_WARN_EMPTY_BODY = YES;
				CLANG_WARN_ENUM_CONVERSION = YES;
				CLANG_WARN_INFINITE_RECURSION = YES;
				CLANG_WARN_INT_CONVERSION = YES;
				CLANG_WARN_NON_LITERAL_NULL_CONVERSION = YES;
				CLANG_WARN_OBJC_IMPLICIT_RETAIN_SELF = YES;
				CLANG_WARN_OBJC_LITERAL_CONVERSION = YES;
				CLANG_WARN_OBJC_ROOT_CLASS = YES_ERROR;
				CLANG_WARN_RANGE_LOOP_ANALYSIS = YES;
				CLANG_WARN_STRICT_PROTOTYPES = YES;
				CLANG_WARN_SUSPICIOUS_MOVE = YES;
				CLANG_WARN_UNGUARDED_AVAILABILITY = YES_AGGRESSIVE;
				CLANG_WARN_UNREACHABLE_CODE = YES;
				CLANG_WARN__DUPLICATE_METHOD_MATCH = YES;
				COPY_PHASE_STRIP = NO;
				DEBUG_INFORMATION_FORMAT = dwarf;
				ENABLE_STRICT_OBJC_MSGSEND = YES;
				ENABLE_TESTABILITY = YES;
				GCC_C_LANGUAGE_STANDARD = gnu11;
				GCC_DYNAMIC_NO_PIC = NO;
				GCC_NO_COMMON_BLOCKS = YES;
				GCC_OPTIMIZATION_LEVEL = 0;
				GCC_PREPROCESSOR_DEFINITIONS = (
					"DEBUG=1",
					"$(inherited)",
				);
				GCC_WARN_64_TO_32_BIT_CONVERSION = YES;
				GCC_WARN_ABOUT_RETURN_TYPE = YES_ERROR;
				GCC_WARN_UNDECLARED_SELECTOR = YES;
				GCC_WARN_UNINITIALIZED_AUTOS = YES_AGGRESSIVE;
				GCC_WARN_UNUSED_FUNCTION = YES;
				GCC_WARN_UNUSED_VARIABLE = YES;
				IPHONEOS_DEPLOYMENT_TARGET = 13.5;
				MTL_ENABLE_DEBUG_INFO = INCLUDE_SOURCE;
				MTL_FAST_MATH = YES;
				ONLY_ACTIVE_ARCH = YES;
				SDKROOT = iphoneos;
			};
			name = Debug;
		};
		696AC1D3247CF4B3000FD9F1 /* Release */ = {
			isa = XCBuildConfiguration;
			buildSettings = {
				ALWAYS_SEARCH_USER_PATHS = NO;
				CLANG_ANALYZER_NONNULL = YES;
				CLANG_ANALYZER_NUMBER_OBJECT_CONVERSION = YES_AGGRESSIVE;
				CLANG_CXX_LANGUAGE_STANDARD = "gnu++14";
				CLANG_CXX_LIBRARY = "libc++";
				CLANG_ENABLE_MODULES = YES;
				CLANG_ENABLE_OBJC_ARC = YES;
				CLANG_ENABLE_OBJC_WEAK = YES;
				CLANG_WARN_BLOCK_CAPTURE_AUTORELEASING = YES;
				CLANG_WARN_BOOL_CONVERSION = YES;
				CLANG_WARN_COMMA = YES;
				CLANG_WARN_CONSTANT_CONVERSION = YES;
				CLANG_WARN_DEPRECATED_OBJC_IMPLEMENTATIONS = YES;
				CLANG_WARN_DIRECT_OBJC_ISA_USAGE = YES_ERROR;
				CLANG_WARN_DOCUMENTATION_COMMENTS = YES;
				CLANG_WARN_EMPTY_BODY = YES;
				CLANG_WARN_ENUM_CONVERSION = YES;
				CLANG_WARN_INFINITE_RECURSION = YES;
				CLANG_WARN_INT_CONVERSION = YES;
				CLANG_WARN_NON_LITERAL_NULL_CONVERSION = YES;
				CLANG_WARN_OBJC_IMPLICIT_RETAIN_SELF = YES;
				CLANG_WARN_OBJC_LITERAL_CONVERSION = YES;
				CLANG_WARN_OBJC_ROOT_CLASS = YES_ERROR;
				CLANG_WARN_RANGE_LOOP_ANALYSIS = YES;
				CLANG_WARN_STRICT_PROTOTYPES = YES;
				CLANG_WARN_SUSPICIOUS_MOVE = YES;
				CLANG_WARN_UNGUARDED_AVAILABILITY = YES_AGGRESSIVE;
				CLANG_WARN_UNREACHABLE_CODE = YES;
				CLANG_WARN__DUPLICATE_METHOD_MATCH = YES;
				COPY_PHASE_STRIP = NO;
				DEBUG_INFORMATION_FORMAT = "dwarf-with-dsym";
				ENABLE_NS_ASSERTIONS = NO;
				ENABLE_STRICT_OBJC_MSGSEND = YES;
				GCC_C_LANGUAGE_STANDARD = gnu11;
				GCC_NO_COMMON_BLOCKS = YES;
				GCC_WARN_64_TO_32_BIT_CONVERSION = YES;
				GCC_WARN_ABOUT_RETURN_TYPE = YES_ERROR;
				GCC_WARN_UNDECLARED_SELECTOR = YES;
				GCC_WARN_UNINITIALIZED_AUTOS = YES_AGGRESSIVE;
				GCC_WARN_UNUSED_FUNCTION = YES;
				GCC_WARN_UNUSED_VARIABLE = YES;
				IPHONEOS_DEPLOYMENT_TARGET = 13.5;
				MTL_ENABLE_DEBUG_INFO = NO;
				MTL_FAST_MATH = YES;
				SDKROOT = iphoneos;
				VALIDATE_PRODUCT = YES;
			};
			name = Release;
		};
		696AC1D5247CF4B3000FD9F1 /* Debug */ = {
			isa = XCBuildConfiguration;
			buildSettings = {
				ASSETCATALOG_COMPILER_APPICON_NAME = AppIcon;
				CODE_SIGN_STYLE = Automatic;
				INFOPLIST_FILE = MyApplication/Info.plist;
				LD_RUNPATH_SEARCH_PATHS = (
					"$(inherited)",
					"@executable_path/Frameworks",
				);
				PRODUCT_BUNDLE_IDENTIFIER = com.chijia.MyApplication;
				PRODUCT_NAME = "$(TARGET_NAME)";
				TARGETED_DEVICE_FAMILY = "1,2";
			};
			name = Debug;
		};
		696AC1D6247CF4B3000FD9F1 /* Release */ = {
			isa = XCBuildConfiguration;
			buildSettings = {
				ASSETCATALOG_COMPILER_APPICON_NAME = AppIcon;
				CODE_SIGN_STYLE = Automatic;
				INFOPLIST_FILE = MyApplication/Info.plist;
				LD_RUNPATH_SEARCH_PATHS = (
					"$(inherited)",
					"@executable_path/Frameworks",
				);
				PRODUCT_BUNDLE_IDENTIFIER = com.chijia.MyApplication;
				PRODUCT_NAME = "$(TARGET_NAME)";
				TARGETED_DEVICE_FAMILY = "1,2";
			};
			name = Release;
		};
		696AC1D8247CF4B3000FD9F1 /* Debug */ = {
			isa = XCBuildConfiguration;
			buildSettings = {
				BUNDLE_LOADER = "$(TEST_HOST)";
				CODE_SIGN_STYLE = Automatic;
				INFOPLIST_FILE = MyApplicationTests/Info.plist;
				IPHONEOS_DEPLOYMENT_TARGET = 13.5;
				LD_RUNPATH_SEARCH_PATHS = (
					"$(inherited)",
					"@executable_path/Frameworks",
					"@loader_path/Frameworks",
				);
				PRODUCT_BUNDLE_IDENTIFIER = com.chijia.MyApplicationTests;
				PRODUCT_NAME = "$(TARGET_NAME)";
				TARGETED_DEVICE_FAMILY = "1,2";
				TEST_HOST = "$(BUILT_PRODUCTS_DIR)/MyApplication.app/MyApplication";
			};
			name = Debug;
		};
		696AC1D9247CF4B3000FD9F1 /* Release */ = {
			isa = XCBuildConfiguration;
			buildSettings = {
				BUNDLE_LOADER = "$(TEST_HOST)";
				CODE_SIGN_STYLE = Automatic;
				INFOPLIST_FILE = MyApplicationTests/Info.plist;
				IPHONEOS_DEPLOYMENT_TARGET = 13.5;
				LD_RUNPATH_SEARCH_PATHS = (
					"$(inherited)",
					"@executable_path/Frameworks",
					"@loader_path/Frameworks",
				);
				PRODUCT_BUNDLE_IDENTIFIER = com.chijia.MyApplicationTests;
				PRODUCT_NAME = "$(TARGET_NAME)";
				TARGETED_DEVICE_FAMILY = "1,2";
				TEST_HOST = "$(BUILT_PRODUCTS_DIR)/MyApplication.app/MyApplication";
			};
			name = Release;
		};
		696AC1DB247CF4B3000FD9F1 /* Debug */ = {
			isa = XCBuildConfiguration;
			buildSettings = {
				CODE_SIGN_STYLE = Automatic;
				INFOPLIST_FILE = MyApplicationUITests/Info.plist;
				LD_RUNPATH_SEARCH_PATHS = (
					"$(inherited)",
					"@executable_path/Frameworks",
					"@loader_path/Frameworks",
				);
				PRODUCT_BUNDLE_IDENTIFIER = com.chijia.MyApplicationUITests;
				PRODUCT_NAME = "$(TARGET_NAME)";
				TARGETED_DEVICE_FAMILY = "1,2";
				TEST_TARGET_NAME = MyApplication;
			};
			name = Debug;
		};
		696AC1DC247CF4B3000FD9F1 /* Release */ = {
			isa = XCBuildConfiguration;
			buildSettings = {
				CODE_SIGN_STYLE = Automatic;
				INFOPLIST_FILE = MyApplicationUITests/Info.plist;
				LD_RUNPATH_SEARCH_PATHS = (
					"$(inherited)",
					"@executable_path/Frameworks",
					"@loader_path/Frameworks",
				);
				PRODUCT_BUNDLE_IDENTIFIER = com.chijia.MyApplicationUITests;
				PRODUCT_NAME = "$(TARGET_NAME)";
				TARGETED_DEVICE_FAMILY = "1,2";
				TEST_TARGET_NAME = MyApplication;
			};
			name = Release;
		};
/* End XCBuildConfiguration section */

/* Begin XCConfigurationList section */
		696AC1A0247CF4B1000FD9F1 /* Build configuration list for PBXProject "MyApplication" */ = {
			isa = XCConfigurationList;
			buildConfigurations = (
				696AC1D2247CF4B3000FD9F1 /* Debug */,
				696AC1D3247CF4B3000FD9F1 /* Release */,
			);
			defaultConfigurationIsVisible = 0;
			defaultConfigurationName = Release;
		};
		696AC1D4247CF4B3000FD9F1 /* Build configuration list for PBXNativeTarget "MyApplication" */ = {
			isa = XCConfigurationList;
			buildConfigurations = (
				696AC1D5247CF4B3000FD9F1 /* Debug */,
				696AC1D6247CF4B3000FD9F1 /* Release */,
			);
			defaultConfigurationIsVisible = 0;
			defaultConfigurationName = Release;
		};
		696AC1D7247CF4B3000FD9F1 /* Build configuration list for PBXNativeTarget "MyApplicationTests" */ = {
			isa = XCConfigurationList;
			buildConfigurations = (
				696AC1D8247CF4B3000FD9F1 /* Debug */,
				696AC1D9247CF4B3000FD9F1 /* Release */,
			);
			defaultConfigurationIsVisible = 0;
			defaultConfigurationName = Release;
		};
		696AC1DA247CF4B3000FD9F1 /* Build configuration list for PBXNativeTarget "MyApplicationUITests" */ = {
			isa = XCConfigurationList;
			buildConfigurations = (
				696AC1DB247CF4B3000FD9F1 /* Debug */,
				696AC1DC247CF4B3000FD9F1 /* Release */,
			);
			defaultConfigurationIsVisible = 0;
			defaultConfigurationName = Release;
		};
/* End XCConfigurationList section */
	};
	rootObject = 696AC19D247CF4B1000FD9F1 /* Project object */;
}
